
Microsoft Visual Studio Solution File, Format Version 12.00
# Visual Studio Version 16
VisualStudioVersion = 16.0.29728.190
MinimumVisualStudioVersion = 10.0.40219.1
Project("{2150E333-8FDC-42A3-9474-1A3956D46DE8}") = "Web", "Web", "{0BA30F01-8A48-4D9D-92C7-FD66A5BAC13A}"
EndProject
Project("{2150E333-8FDC-42A3-9474-1A3956D46DE8}") = "Console", "Console", "{C1D06A8E-A27C-47BC-A3BE-627E81F0C346}"
EndProject
Project("{9A19103F-16F7-4668-BE54-9A1E7A4F7556}") = "ConsoleRunner", "ConsoleRunner\ConsoleRunner.csproj", "{B70AA59A-73C6-4734-B25F-DD5BCAF125B7}"
EndProject
Project("{9A19103F-16F7-4668-BE54-9A1E7A4F7556}") = "AstroLib", "AstroLib\AstroLib.csproj", "{62FB88C5-B1E3-46B5-AF16-0787E9B0E5E7}"
EndProject
Project("{FAE04EC0-301F-11D3-BF4B-00C04F79EFBC}") = "AstroLib.Tests", "AstroLib.Tests\AstroLib.Tests.csproj", "{3EC40E86-94F5-42A7-89D3-510B7E6151F4}"
EndProject
Global
	GlobalSection(SolutionConfigurationPlatforms) = preSolution
		Debug|Any CPU = Debug|Any CPU
		Release|Any CPU = Release|Any CPU
	EndGlobalSection
	GlobalSection(ProjectConfigurationPlatforms) = postSolution
		{B70AA59A-73C6-4734-B25F-DD5BCAF125B7}.Debug|Any CPU.ActiveCfg = Debug|Any CPU
		{B70AA59A-73C6-4734-B25F-DD5BCAF125B7}.Debug|Any CPU.Build.0 = Debug|Any CPU
		{B70AA59A-73C6-4734-B25F-DD5BCAF125B7}.Release|Any CPU.ActiveCfg = Release|Any CPU
		{B70AA59A-73C6-4734-B25F-DD5BCAF125B7}.Release|Any CPU.Build.0 = Release|Any CPU
		{62FB88C5-B1E3-46B5-AF16-0787E9B0E5E7}.Debug|Any CPU.ActiveCfg = Debug|Any CPU
		{62FB88C5-B1E3-46B5-AF16-0787E9B0E5E7}.Debug|Any CPU.Build.0 = Debug|Any CPU
		{62FB88C5-B1E3-46B5-AF16-0787E9B0E5E7}.Release|Any CPU.ActiveCfg = Release|Any CPU
		{62FB88C5-B1E3-46B5-AF16-0787E9B0E5E7}.Release|Any CPU.Build.0 = Release|Any CPU
		{3EC40E86-94F5-42A7-89D3-510B7E6151F4}.Debug|Any CPU.ActiveCfg = Debug|Any CPU
		{3EC40E86-94F5-42A7-89D3-510B7E6151F4}.Debug|Any CPU.Build.0 = Debug|Any CPU
		{3EC40E86-94F5-42A7-89D3-510B7E6151F4}.Release|Any CPU.ActiveCfg = Release|Any CPU
		{3EC40E86-94F5-42A7-89D3-510B7E6151F4}.Release|Any CPU.Build.0 = Release|Any CPU
	EndGlobalSection
	GlobalSection(SolutionProperties) = preSolution
		HideSolutionNode = FALSE
	EndGlobalSection
	GlobalSection(NestedProjects) = preSolution
		{B70AA59A-73C6-4734-B25F-DD5BCAF125B7} = {C1D06A8E-A27C-47BC-A3BE-627E81F0C346}
		{62FB88C5-B1E3-46B5-AF16-0787E9B0E5E7} = {C1D06A8E-A27C-47BC-A3BE-627E81F0C346}
		{3EC40E86-94F5-42A7-89D3-510B7E6151F4} = {C1D06A8E-A27C-47BC-A3BE-627E81F0C346}
	EndGlobalSection
	GlobalSection(ExtensibilityGlobals) = postSolution
		SolutionGuid = {49EF357D-7FE8-41D2-A1BA-3C2DF9E4395A}
	EndGlobalSection
EndGlobal
